
Microsoft Visual Studio Solution File, Format Version 12.00
# Visual Studio Version 16
VisualStudioVersion = 16.0.29911.84
MinimumVisualStudioVersion = 10.0.40219.1
Project("{8BC9CEB8-8B4A-11D0-8D11-00A0C91BC942}") = "기출문제", "기출문제.vcxproj", "{810C9145-2D5D-42C1-867B-CFEF26BAE513}"
EndProject
Global
	GlobalSection(SolutionConfigurationPlatforms) = preSolution
		Debug|x64 = Debug|x64
		Debug|x86 = Debug|x86
		Release|x64 = Release|x64
		Release|x86 = Release|x86
	EndGlobalSection
	GlobalSection(ProjectConfigurationPlatforms) = postSolution
		{810C9145-2D5D-42C1-867B-CFEF26BAE513}.Debug|x64.ActiveCfg = Debug|x64
		{810C9145-2D5D-42C1-867B-CFEF26BAE513}.Debug|x64.Build.0 = Debug|x64
		{810C9145-2D5D-42C1-867B-CFEF26BAE513}.Debug|x86.ActiveCfg = Debug|Win32
		{810C9145-2D5D-42C1-867B-CFEF26BAE513}.Debug|x86.Build.0 = Debug|Win32
		{810C9145-2D5D-42C1-867B-CFEF26BAE513}.Release|x64.ActiveCfg = Release|x64
		{810C9145-2D5D-42C1-867B-CFEF26BAE513}.Release|x64.Build.0 = Release|x64
		{810C9145-2D5D-42C1-867B-CFEF26BAE513}.Release|x86.ActiveCfg = Release|Win32
		{810C9145-2D5D-42C1-867B-CFEF26BAE513}.Release|x86.Build.0 = Release|Win32
	EndGlobalSection
	GlobalSection(SolutionProperties) = preSolution
		HideSolutionNode = FALSE
	EndGlobalSection
	GlobalSection(ExtensibilityGlobals) = postSolution
		SolutionGuid = {998A17F1-D658-4D9C-82E5-9F4B17245935}
	EndGlobalSection
EndGlobal
